// !$*UTF8*$!
{
	archiveVersion = 1;
	classes = {
	};
	objectVersion = 46;
	objects = {

/* Begin PBXBuildFile section */
		07D279831CDC5AE700457144 /* AppDelegate.swift in Sources */ = {isa = PBXBuildFile; fileRef = 07D279821CDC5AE700457144 /* AppDelegate.swift */; };
		07D279851CDC5AE700457144 /* ViewController.swift in Sources */ = {isa = PBXBuildFile; fileRef = 07D279841CDC5AE700457144 /* ViewController.swift */; };
		07D279881CDC5AE700457144 /* Main.storyboard in Resources */ = {isa = PBXBuildFile; fileRef = 07D279861CDC5AE700457144 /* Main.storyboard */; };
		07D2798A1CDC5AE700457144 /* Assets.xcassets in Resources */ = {isa = PBXBuildFile; fileRef = 07D279891CDC5AE700457144 /* Assets.xcassets */; };
		07D2798D1CDC5AE700457144 /* LaunchScreen.storyboard in Resources */ = {isa = PBXBuildFile; fileRef = 07D2798B1CDC5AE700457144 /* LaunchScreen.storyboard */; };
/* End PBXBuildFile section */

/* Begin PBXFileReference section */
		07D2797F1CDC5AE700457144 /* mutliply.app */ = {isa = PBXFileReference; explicitFileType = wrapper.application; includeInIndex = 0; path = mutliply.app; sourceTree = BUILT_PRODUCTS_DIR; };
		07D279821CDC5AE700457144 /* AppDelegate.swift */ = {isa = PBXFileReference; lastKnownFileType = sourcecode.swift; path = AppDelegate.swift; sourceTree = "<group>"; };
		07D279841CDC5AE700457144 /* ViewController.swift */ = {isa = PBXFileReference; lastKnownFileType = sourcecode.swift; path = ViewController.swift; sourceTree = "<group>"; };
		07D279871CDC5AE700457144 /* Base */ = {isa = PBXFileReference; lastKnownFileType = file.storyboard; name = Base; path = Base.lproj/Main.storyboard; sourceTree = "<group>"; };
		07D279891CDC5AE700457144 /* Assets.xcassets */ = {isa = PBXFileReference; lastKnownFileType = folder.assetcatalog; path = Assets.xcassets; sourceTree = "<group>"; };
		07D2798C1CDC5AE700457144 /* Base */ = {isa = PBXFileReference; lastKnownFileType = file.storyboard; name = Base; path = Base.lproj/LaunchScreen.storyboard; sourceTree = "<group>"; };
		07D2798E1CDC5AE700457144 /* Info.plist */ = {isa = PBXFileReference; lastKnownFileType = text.plist.xml; path = Info.plist; sourceTree = "<group>"; };
/* End PBXFileReference section */

/* Begin PBXFrameworksBuildPhase section */
		07D2797C1CDC5AE700457144 /* Frameworks */ = {
			isa = PBXFrameworksBuildPhase;
			buildActionMask = 2147483647;
			files = (
			);
			runOnlyForDeploymentPostprocessing = 0;
		};
/* End PBXFrameworksBuildPhase section */

/* Begin PBXGroup section */
		07D279761CDC5AE700457144 = {
			isa = PBXGroup;
			children = (
				07D279811CDC5AE700457144 /* mutliply */,
				07D279801CDC5AE700457144 /* Products */,
			);
			sourceTree = "<group>";
		};
		07D279801CDC5AE700457144 /* Products */ = {
			isa = PBXGroup;
			children = (
				07D2797F1CDC5AE700457144 /* mutliply.app */,
			);
			name = Products;
			sourceTree = "<group>";
		};
		07D279811CDC5AE700457144 /* mutliply */ = {
			isa = PBXGroup;
			children = (
				07D279821CDC5AE700457144 /* AppDelegate.swift */,
				07D279841CDC5AE700457144 /* ViewController.swift */,
				07D279861CDC5AE700457144 /* Main.storyboard */,
				07D279891CDC5AE700457144 /* Assets.xcassets */,
				07D2798B1CDC5AE700457144 /* LaunchScreen.storyboard */,
				07D2798E1CDC5AE700457144 /* Info.plist */,
			);
			path = mutliply;
			sourceTree = "<group>";
		};
/* End PBXGroup section */

/* Begin PBXNativeTarget section */
		07D2797E1CDC5AE700457144 /* mutliply */ = {
			isa = PBXNativeTarget;
			buildConfigurationList = 07D279911CDC5AE700457144 /* Build configuration list for PBXNativeTarget "mutliply" */;
			buildPhases = (
				07D2797B1CDC5AE700457144 /* Sources */,
				07D2797C1CDC5AE700457144 /* Frameworks */,
				07D2797D1CDC5AE700457144 /* Resources */,
			);
			buildRules = (
			);
			dependencies = (
			);
			name = mutliply;
			productName = mutliply;
			productReference = 07D2797F1CDC5AE700457144 /* mutliply.app */;
			productType = "com.apple.product-type.application";
		};
/* End PBXNativeTarget section */

/* Begin PBXProject section */
		07D279771CDC5AE700457144 /* Project object */ = {
			isa = PBXProject;
			attributes = {
				LastSwiftUpdateCheck = 0720;
				LastUpgradeCheck = 0720;
				ORGANIZATIONNAME = mackenstein;
				TargetAttributes = {
					07D2797E1CDC5AE700457144 = {
						CreatedOnToolsVersion = 7.2;
					};
				};
			};
			buildConfigurationList = 07D2797A1CDC5AE700457144 /* Build configuration list for PBXProject "mutliply" */;
			compatibilityVersion = "Xcode 3.2";
			developmentRegion = English;
			hasScannedForEncodings = 0;
			knownRegions = (
				en,
				Base,
			);
			mainGroup = 07D279761CDC5AE700457144;
			productRefGroup = 07D279801CDC5AE700457144 /* Products */;
			projectDirPath = "";
			projectRoot = "";
			targets = (
				07D2797E1CDC5AE700457144 /* mutliply */,
			);
		};
/* End PBXProject section */

/* Begin PBXResourcesBuildPhase section */
		07D2797D1CDC5AE700457144 /* Resources */ = {
			isa = PBXResourcesBuildPhase;
			buildActionMask = 2147483647;
			files = (
				07D2798D1CDC5AE700457144 /* LaunchScreen.storyboard in Resources */,
				07D2798A1CDC5AE700457144 /* Assets.xcassets in Resources */,
				07D279881CDC5AE700457144 /* Main.storyboard in Resources */,
			);
			runOnlyForDeploymentPostprocessing = 0;
		};
/* End PBXResourcesBuildPhase section */

/* Begin PBXSourcesBuildPhase section */
		07D2797B1CDC5AE700457144 /* Sources */ = {
			isa = PBXSourcesBuildPhase;
			buildActionMask = 2147483647;
			files = (
				07D279851CDC5AE700457144 /* ViewController.swift in Sources */,
				07D279831CDC5AE700457144 /* AppDelegate.swift in Sources */,
			);
			runOnlyForDeploymentPostprocessing = 0;
		};
/* End PBXSourcesBuildPhase section */

/* Begin PBXVariantGroup section */
		07D279861CDC5AE700457144 /* Main.storyboard */ = {
			isa = PBXVariantGroup;
			children = (
				07D279871CDC5AE700457144 /* Base */,
			);
			name = Main.storyboard;
			sourceTree = "<group>";
		};
		07D2798B1CDC5AE700457144 /* LaunchScreen.storyboard */ = {
			isa = PBXVariantGroup;
			children = (
				07D2798C1CDC5AE700457144 /* Base */,
			);
			name = LaunchScreen.storyboard;
			sourceTree = "<group>";
		};
/* End PBXVariantGroup section */

/* Begin XCBuildConfiguration section */
		07D2798F1CDC5AE700457144 /* Debug */ = {
			isa = XCBuildConfiguration;
			buildSettings = {
				ALWAYS_SEARCH_USER_PATHS = NO;
				CLANG_CXX_LANGUAGE_STANDARD = "gnu++0x";
				CLANG_CXX_LIBRARY = "libc++";
				CLANG_ENABLE_MODULES = YES;
				CLANG_ENABLE_OBJC_ARC = YES;
				CLANG_WARN_BOOL_CONVERSION = YES;
				CLANG_WARN_CONSTANT_CONVERSION = YES;
				CLANG_WARN_DIRECT_OBJC_ISA_USAGE = YES_ERROR;
				CLANG_WARN_EMPTY_BODY = YES;
				CLANG_WARN_ENUM_CONVERSION = YES;
				CLANG_WARN_INT_CONVERSION = YES;
				CLANG_WARN_OBJC_ROOT_CLASS = YES_ERROR;
				CLANG_WARN_UNREACHABLE_CODE = YES;
				CLANG_WARN__DUPLICATE_METHOD_MATCH = YES;
				"CODE_SIGN_IDENTITY[sdk=iphoneos*]" = "iPhone Developer";
				COPY_PHASE_STRIP = NO;
				DEBUG_INFORMATION_FORMAT = dwarf;
				ENABLE_STRICT_OBJC_MSGSEND = YES;
				ENABLE_TESTABILITY = YES;
				GCC_C_LANGUAGE_STANDARD = gnu99;
				GCC_DYNAMIC_NO_PIC = NO;
				GCC_NO_COMMON_BLOCKS = YES;
				GCC_OPTIMIZATION_LEVEL = 0;
				GCC_PREPROCESSOR_DEFINITIONS = (
					"DEBUG=1",
					"$(inherited)",
				);
				GCC_WARN_64_TO_32_BIT_CONVERSION = YES;
				GCC_WARN_ABOUT_RETURN_TYPE = YES_ERROR;
				GCC_WARN_UNDECLARED_SELECTOR = YES;
				GCC_WARN_UNINITIALIZED_AUTOS = YES_AGGRESSIVE;
				GCC_WARN_UNUSED_FUNCTION = YES;
				GCC_WARN_UNUSED_VARIABLE = YES;
				IPHONEOS_DEPLOYMENT_TARGET = 9.2;
				MTL_ENABLE_DEBUG_INFO = YES;
				ONLY_ACTIVE_ARCH = YES;
				SDKROOT = iphoneos;
				SWIFT_OPTIMIZATION_LEVEL = "-Onone";
				TARGETED_DEVICE_FAMILY = "1,2";
			};
			name = Debug;
		};
		07D279901CDC5AE700457144 /* Release */ = {
			isa = XCBuildConfiguration;
			buildSettings = {
				ALWAYS_SEARCH_USER_PATHS = NO;
				CLANG_CXX_LANGUAGE_STANDARD = "gnu++0x";
				CLANG_CXX_LIBRARY = "libc++";
				CLANG_ENABLE_MODULES = YES;
				CLANG_ENABLE_OBJC_ARC = YES;
				CLANG_WARN_BOOL_CONVERSION = YES;
				CLANG_WARN_CONSTANT_CONVERSION = YES;
				CLANG_WARN_DIRECT_OBJC_ISA_USAGE = YES_ERROR;
				CLANG_WARN_EMPTY_BODY = YES;
				CLANG_WARN_ENUM_CONVERSION = YES;
				CLANG_WARN_INT_CONVERSION = YES;
				CLANG_WARN_OBJC_ROOT_CLASS = YES_ERROR;
				CLANG_WARN_UNREACHABLE_CODE = YES;
				CLANG_WARN__DUPLICATE_METHOD_MATCH = YES;
				"CODE_SIGN_IDENTITY[sdk=iphoneos*]" = "iPhone Developer";
				COPY_PHASE_STRIP = NO;
				DEBUG_INFORMATION_FORMAT = "dwarf-with-dsym";
				ENABLE_NS_ASSERTIONS = NO;
				ENABLE_STRICT_OBJC_MSGSEND = YES;
				GCC_C_LANGUAGE_STANDARD = gnu99;
				GCC_NO_COMMON_BLOCKS = YES;
				GCC_WARN_64_TO_32_BIT_CONVERSION = YES;
				GCC_WARN_ABOUT_RETURN_TYPE = YES_ERROR;
				GCC_WARN_UNDECLARED_SELECTOR = YES;
				GCC_WARN_UNINITIALIZED_AUTOS = YES_AGGRESSIVE;
				GCC_WARN_UNUSED_FUNCTION = YES;
				GCC_WARN_UNUSED_VARIABLE = YES;
				IPHONEOS_DEPLOYMENT_TARGET = 9.2;
				MTL_ENABLE_DEBUG_INFO = NO;
				SDKROOT = iphoneos;
				TARGETED_DEVICE_FAMILY = "1,2";
				VALIDATE_PRODUCT = YES;
			};
			name = Release;
		};
		07D279921CDC5AE700457144 /* Debug */ = {
			isa = XCBuildConfiguration;
			buildSettings = {
				ASSETCATALOG_COMPILER_APPICON_NAME = AppIcon;
				INFOPLIST_FILE = mutliply/Info.plist;
				LD_RUNPATH_SEARCH_PATHS = "$(inherited) @executable_path/Frameworks";
				PRODUCT_BUNDLE_IDENTIFIER = com.mackenstein.mutliply;
				PRODUCT_NAME = "$(TARGET_NAME)";
			};
			name = Debug;
		};
		07D279931CDC5AE700457144 /* Release */ = {
			isa = XCBuildConfiguration;
			buildSettings = {
				ASSETCATALOG_COMPILER_APPICON_NAME = AppIcon;
				INFOPLIST_FILE = mutliply/Info.plist;
				LD_RUNPATH_SEARCH_PATHS = "$(inherited) @executable_path/Frameworks";
				PRODUCT_BUNDLE_IDENTIFIER = com.mackenstein.mutliply;
				PRODUCT_NAME = "$(TARGET_NAME)";
			};
			name = Release;
		};
/* End XCBuildConfiguration section */

/* Begin XCConfigurationList section */
		07D2797A1CDC5AE700457144 /* Build configuration list for PBXProject "mutliply" */ = {
			isa = XCConfigurationList;
			buildConfigurations = (
				07D2798F1CDC5AE700457144 /* Debug */,
				07D279901CDC5AE700457144 /* Release */,
			);
			defaultConfigurationIsVisible = 0;
			defaultConfigurationName = Release;
		};
		07D279911CDC5AE700457144 /* Build configuration list for PBXNativeTarget "mutliply" */ = {
			isa = XCConfigurationList;
			buildConfigurations = (
				07D279921CDC5AE700457144 /* Debug */,
				07D279931CDC5AE700457144 /* Release */,
			);
			defaultConfigurationIsVisible = 0;
		};
/* End XCConfigurationList section */
	};
	rootObject = 07D279771CDC5AE700457144 /* Project object */;
}
